// !$*UTF8*$!
{
	archiveVersion = 1;
	classes = {
	};
	objectVersion = 46;
	objects = {

/* Begin PBXBuildFile section */
		FF78C1E815D8D8F300A278EF /* UIKit.framework in Frameworks */ = {isa = PBXBuildFile; fileRef = FF78C1E715D8D8F300A278EF /* UIKit.framework */; };
		FF78C1EA15D8D8F300A278EF /* Foundation.framework in Frameworks */ = {isa = PBXBuildFile; fileRef = FF78C1E915D8D8F300A278EF /* Foundation.framework */; };
		FF78C1EC15D8D8F300A278EF /* CoreGraphics.framework in Frameworks */ = {isa = PBXBuildFile; fileRef = FF78C1EB15D8D8F300A278EF /* CoreGraphics.framework */; };
		FF78C1F215D8D8F300A278EF /* InfoPlist.strings in Resources */ = {isa = PBXBuildFile; fileRef = FF78C1F015D8D8F300A278EF /* InfoPlist.strings */; };
		FF78C1F415D8D8F300A278EF /* main.m in Sources */ = {isa = PBXBuildFile; fileRef = FF78C1F315D8D8F300A278EF /* main.m */; };
		FF78C1F815D8D8F300A278EF /* AppDelegate.m in Sources */ = {isa = PBXBuildFile; fileRef = FF78C1F715D8D8F300A278EF /* AppDelegate.m */; };
		FF78C1FB15D8D8F300A278EF /* MainStoryboard.storyboard in Resources */ = {isa = PBXBuildFile; fileRef = FF78C1F915D8D8F300A278EF /* MainStoryboard.storyboard */; };
		FF78C1FE15D8D8F300A278EF /* ViewController.m in Sources */ = {isa = PBXBuildFile; fileRef = FF78C1FD15D8D8F300A278EF /* ViewController.m */; };
/* End PBXBuildFile section */

/* Begin PBXFileReference section */
		FF78C1E315D8D8F300A278EF /* 97Minivan.app */ = {isa = PBXFileReference; explicitFileType = wrapper.application; includeInIndex = 0; path = 97Minivan.app; sourceTree = BUILT_PRODUCTS_DIR; };
		FF78C1E715D8D8F300A278EF /* UIKit.framework */ = {isa = PBXFileReference; lastKnownFileType = wrapper.framework; name = UIKit.framework; path = System/Library/Frameworks/UIKit.framework; sourceTree = SDKROOT; };
		FF78C1E915D8D8F300A278EF /* Foundation.framework */ = {isa = PBXFileReference; lastKnownFileType = wrapper.framework; name = Foundation.framework; path = System/Library/Frameworks/Foundation.framework; sourceTree = SDKROOT; };
		FF78C1EB15D8D8F300A278EF /* CoreGraphics.framework */ = {isa = PBXFileReference; lastKnownFileType = wrapper.framework; name = CoreGraphics.framework; path = System/Library/Frameworks/CoreGraphics.framework; sourceTree = SDKROOT; };
		FF78C1EF15D8D8F300A278EF /* 97Minivan-Info.plist */ = {isa = PBXFileReference; path = "97Minivan-Info.plist"; sourceTree = "<group>"; };
		FF78C1F115D8D8F300A278EF /* en */ = {isa = PBXFileReference; lastKnownFileType = text.plist.strings; name = en; path = en.lproj/InfoPlist.strings; sourceTree = "<group>"; };
		FF78C1F315D8D8F300A278EF /* main.m */ = {isa = PBXFileReference; lastKnownFileType = sourcecode.c.objc; path = main.m; sourceTree = "<group>"; };
		FF78C1F515D8D8F300A278EF /* 97Minivan-Prefix.pch */ = {isa = PBXFileReference; path = "97Minivan-Prefix.pch"; sourceTree = "<group>"; };
		FF78C1F615D8D8F300A278EF /* AppDelegate.h */ = {isa = PBXFileReference; path = AppDelegate.h; sourceTree = "<group>"; };
		FF78C1F715D8D8F300A278EF /* AppDelegate.m */ = {isa = PBXFileReference; lastKnownFileType = sourcecode.c.objc; path = AppDelegate.m; sourceTree = "<group>"; };
		FF78C1FA15D8D8F300A278EF /* en */ = {isa = PBXFileReference; lastKnownFileType = file.storyboard; name = en; path = en.lproj/MainStoryboard.storyboard; sourceTree = "<group>"; };
		FF78C1FC15D8D8F300A278EF /* ViewController.h */ = {isa = PBXFileReference; path = ViewController.h; sourceTree = "<group>"; };
		FF78C1FD15D8D8F300A278EF /* ViewController.m */ = {isa = PBXFileReference; lastKnownFileType = sourcecode.c.objc; path = ViewController.m; sourceTree = "<group>"; };
/* End PBXFileReference section */

/* Begin PBXFrameworksBuildPhase section */
		FF78C1E015D8D8F300A278EF /* Frameworks */ = {
			isa = PBXFrameworksBuildPhase;
			buildActionMask = 2147483647;
			files = (
				FF78C1E815D8D8F300A278EF /* UIKit.framework in Frameworks */,
				FF78C1EA15D8D8F300A278EF /* Foundation.framework in Frameworks */,
				FF78C1EC15D8D8F300A278EF /* CoreGraphics.framework in Frameworks */,
			);
			runOnlyForDeploymentPostprocessing = 0;
		};
/* End PBXFrameworksBuildPhase section */

/* Begin PBXGroup section */
		FF78C1D815D8D8F300A278EF = {
			isa = PBXGroup;
			children = (
				FF78C1ED15D8D8F300A278EF /* 97Minivan */,
				FF78C1E615D8D8F300A278EF /* Frameworks */,
				FF78C1E415D8D8F300A278EF /* Products */,
			);
			sourceTree = "<group>";
		};
		FF78C1E415D8D8F300A278EF /* Products */ = {
			isa = PBXGroup;
			children = (
				FF78C1E315D8D8F300A278EF /* 97Minivan.app */,
			);
			name = Products;
			sourceTree = "<group>";
		};
		FF78C1E615D8D8F300A278EF /* Frameworks */ = {
			isa = PBXGroup;
			children = (
				FF78C1E715D8D8F300A278EF /* UIKit.framework */,
				FF78C1E915D8D8F300A278EF /* Foundation.framework */,
				FF78C1EB15D8D8F300A278EF /* CoreGraphics.framework */,
			);
			name = Frameworks;
			sourceTree = "<group>";
		};
		FF78C1ED15D8D8F300A278EF /* 97Minivan */ = {
			isa = PBXGroup;
			children = (
				FF78C1F615D8D8F300A278EF /* AppDelegate.h */,
				FF78C1F715D8D8F300A278EF /* AppDelegate.m */,
				FF78C1F915D8D8F300A278EF /* MainStoryboard.storyboard */,
				FF78C1FC15D8D8F300A278EF /* ViewController.h */,
				FF78C1FD15D8D8F300A278EF /* ViewController.m */,
				FF78C1EE15D8D8F300A278EF /* Supporting Files */,
			);
			path = 97Minivan;
			sourceTree = "<group>";
		};
		FF78C1EE15D8D8F300A278EF /* Supporting Files */ = {
			isa = PBXGroup;
			children = (
				FF78C1EF15D8D8F300A278EF /* 97Minivan-Info.plist */,
				FF78C1F015D8D8F300A278EF /* InfoPlist.strings */,
				FF78C1F315D8D8F300A278EF /* main.m */,
				FF78C1F515D8D8F300A278EF /* 97Minivan-Prefix.pch */,
			);
			name = "Supporting Files";
			sourceTree = "<group>";
		};
/* End PBXGroup section */

/* Begin PBXNativeTarget section */
		FF78C1E215D8D8F300A278EF /* 97Minivan */ = {
			isa = PBXNativeTarget;
			buildConfigurationList = FF78C20115D8D8F300A278EF /* Build configuration list for PBXNativeTarget "97Minivan" */;
			buildPhases = (
				FF78C1DF15D8D8F300A278EF /* Sources */,
				FF78C1E015D8D8F300A278EF /* Frameworks */,
				FF78C1E115D8D8F300A278EF /* Resources */,
			);
			buildRules = (
			);
			dependencies = (
			);
			name = 97Minivan;
			productName = 97Minivan;
			productReference = FF78C1E315D8D8F300A278EF /* 97Minivan.app */;
			productType = "com.apple.product-type.application";
		};
/* End PBXNativeTarget section */

/* Begin PBXProject section */
		FF78C1DA15D8D8F300A278EF /* Project object */ = {
			isa = PBXProject;
			attributes = {
				LastUpgradeCheck = 0430;
			};
			buildConfigurationList = FF78C1DD15D8D8F300A278EF /* Build configuration list for PBXProject "97Minivan" */;
			compatibilityVersion = "Xcode 3.2";
			developmentRegion = English;
			hasScannedForEncodings = 0;
			knownRegions = (
				en,
			);
			mainGroup = FF78C1D815D8D8F300A278EF;
			productRefGroup = FF78C1E415D8D8F300A278EF /* Products */;
			projectDirPath = "";
			projectRoot = "";
			targets = (
				FF78C1E215D8D8F300A278EF /* 97Minivan */,
			);
		};
/* End PBXProject section */

/* Begin PBXResourcesBuildPhase section */
		FF78C1E115D8D8F300A278EF /* Resources */ = {
			isa = PBXResourcesBuildPhase;
			buildActionMask = 2147483647;
			files = (
				FF78C1F215D8D8F300A278EF /* InfoPlist.strings in Resources */,
				FF78C1FB15D8D8F300A278EF /* MainStoryboard.storyboard in Resources */,
			);
			runOnlyForDeploymentPostprocessing = 0;
		};
/* End PBXResourcesBuildPhase section */

/* Begin PBXSourcesBuildPhase section */
		FF78C1DF15D8D8F300A278EF /* Sources */ = {
			isa = PBXSourcesBuildPhase;
			buildActionMask = 2147483647;
			files = (
				FF78C1F415D8D8F300A278EF /* main.m in Sources */,
				FF78C1F815D8D8F300A278EF /* AppDelegate.m in Sources */,
				FF78C1FE15D8D8F300A278EF /* ViewController.m in Sources */,
			);
			runOnlyForDeploymentPostprocessing = 0;
		};
/* End PBXSourcesBuildPhase section */

/* Begin PBXVariantGroup section */
		FF78C1F015D8D8F300A278EF /* InfoPlist.strings */ = {
			isa = PBXVariantGroup;
			children = (
				FF78C1F115D8D8F300A278EF /* en */,
			);
			name = InfoPlist.strings;
			sourceTree = "<group>";
		};
		FF78C1F915D8D8F300A278EF /* MainStoryboard.storyboard */ = {
			isa = PBXVariantGroup;
			children = (
				FF78C1FA15D8D8F300A278EF /* en */,
			);
			name = MainStoryboard.storyboard;
			sourceTree = "<group>";
		};
/* End PBXVariantGroup section */

/* Begin XCBuildConfiguration section */
		FF78C1FF15D8D8F300A278EF /* Debug */ = {
			isa = XCBuildConfiguration;
			buildSettings = {
				ALWAYS_SEARCH_USER_PATHS = NO;
				ARCHS = "$(ARCHS_STANDARD_32_BIT)";
				CLANG_ENABLE_OBJC_ARC = YES;
				"CODE_SIGN_IDENTITY[sdk=iphoneos*]" = "iPhone Developer";
				COPY_PHASE_STRIP = NO;
				GCC_C_LANGUAGE_STANDARD = gnu99;
				GCC_DYNAMIC_NO_PIC = NO;
				GCC_OPTIMIZATION_LEVEL = 0;
				GCC_PREPROCESSOR_DEFINITIONS = (
					"DEBUG=1",
					"$(inherited)",
				);
				GCC_SYMBOLS_PRIVATE_EXTERN = NO;
				GCC_VERSION = com.apple.compilers.llvm.clang.1_0;
				GCC_WARN_ABOUT_RETURN_TYPE = YES;
				GCC_WARN_UNINITIALIZED_AUTOS = YES;
				GCC_WARN_UNUSED_VARIABLE = YES;
				IPHONEOS_DEPLOYMENT_TARGET = 5.1;
				SDKROOT = iphoneos;
			};
			name = Debug;
		};
		FF78C20015D8D8F300A278EF /* Release */ = {
			isa = XCBuildConfiguration;
			buildSettings = {
				ALWAYS_SEARCH_USER_PATHS = NO;
				ARCHS = "$(ARCHS_STANDARD_32_BIT)";
				CLANG_ENABLE_OBJC_ARC = YES;
				"CODE_SIGN_IDENTITY[sdk=iphoneos*]" = "iPhone Developer";
				COPY_PHASE_STRIP = YES;
				GCC_C_LANGUAGE_STANDARD = gnu99;
				GCC_VERSION = com.apple.compilers.llvm.clang.1_0;
				GCC_WARN_ABOUT_RETURN_TYPE = YES;
				GCC_WARN_UNINITIALIZED_AUTOS = YES;
				GCC_WARN_UNUSED_VARIABLE = YES;
				IPHONEOS_DEPLOYMENT_TARGET = 5.1;
				OTHER_CFLAGS = "-DNS_BLOCK_ASSERTIONS=1";
				SDKROOT = iphoneos;
				VALIDATE_PRODUCT = YES;
			};
			name = Release;
		};
		FF78C20215D8D8F300A278EF /* Debug */ = {
			isa = XCBuildConfiguration;
			buildSettings = {
				GCC_PRECOMPILE_PREFIX_HEADER = YES;
				GCC_PREFIX_HEADER = "97Minivan/97Minivan-Prefix.pch";
				INFOPLIST_FILE = "97Minivan/97Minivan-Info.plist";
				PRODUCT_NAME = "$(TARGET_NAME)";
				WRAPPER_EXTENSION = app;
			};
			name = Debug;
		};
		FF78C20315D8D8F300A278EF /* Release */ = {
			isa = XCBuildConfiguration;
			buildSettings = {
				GCC_PRECOMPILE_PREFIX_HEADER = YES;
				GCC_PREFIX_HEADER = "97Minivan/97Minivan-Prefix.pch";
				INFOPLIST_FILE = "97Minivan/97Minivan-Info.plist";
				PRODUCT_NAME = "$(TARGET_NAME)";
				WRAPPER_EXTENSION = app;
			};
			name = Release;
		};
/* End XCBuildConfiguration section */

/* Begin XCConfigurationList section */
		FF78C1DD15D8D8F300A278EF /* Build configuration list for PBXProject "97Minivan" */ = {
			isa = XCConfigurationList;
			buildConfigurations = (
				FF78C1FF15D8D8F300A278EF /* Debug */,
				FF78C20015D8D8F300A278EF /* Release */,
			);
			defaultConfigurationIsVisible = 0;
			defaultConfigurationName = Release;
		};
		FF78C20115D8D8F300A278EF /* Build configuration list for PBXNativeTarget "97Minivan" */ = {
			isa = XCConfigurationList;
			buildConfigurations = (
				FF78C20215D8D8F300A278EF /* Debug */,
				FF78C20315D8D8F300A278EF /* Release */,
			);
			defaultConfigurationIsVisible = 0;
		};
/* End XCConfigurationList section */
	};
	rootObject = FF78C1DA15D8D8F300A278EF /* Project object */;
}
